
Microsoft Visual Studio Solution File, Format Version 12.00
# Visual Studio Version 16
VisualStudioVersion = 16.0.33328.57
MinimumVisualStudioVersion = 10.0.40219.1
Project("{FAE04EC0-301F-11D3-BF4B-00C04F79EFBC}") = "HelloWorld-JenkinsAssignment", "HelloWorld-JenkinsAssignment.csproj", "{03189994-D1CD-4CBF-B37F-76B693546CB8}"
EndProject
Global
	GlobalSection(SolutionConfigurationPlatforms) = preSolution
		Debug|Any CPU = Debug|Any CPU
		Release|Any CPU = Release|Any CPU
	EndGlobalSection
	GlobalSection(ProjectConfigurationPlatforms) = postSolution
		{03189994-D1CD-4CBF-B37F-76B693546CB8}.Debug|Any CPU.ActiveCfg = Debug|Any CPU
		{03189994-D1CD-4CBF-B37F-76B693546CB8}.Debug|Any CPU.Build.0 = Debug|Any CPU
		{03189994-D1CD-4CBF-B37F-76B693546CB8}.Release|Any CPU.ActiveCfg = Release|Any CPU
		{03189994-D1CD-4CBF-B37F-76B693546CB8}.Release|Any CPU.Build.0 = Release|Any CPU
	EndGlobalSection
	GlobalSection(SolutionProperties) = preSolution
		HideSolutionNode = FALSE
	EndGlobalSection
	GlobalSection(ExtensibilityGlobals) = postSolution
		SolutionGuid = {B23CF518-A64B-4342-A2ED-369BE2940C5D}
	EndGlobalSection
EndGlobal
